
Microsoft Visual Studio Solution File, Format Version 12.00
# Visual Studio Version 17
VisualStudioVersion = 17.0.31903.59
MinimumVisualStudioVersion = 10.0.40219.1
Project("{2150E333-8FDC-42A3-9474-1A3956D46DE8}") = "services", "services", "{CC09AF14-D52A-4F27-8D71-A4F8388E9BE7}"
EndProject
Project("{2150E333-8FDC-42A3-9474-1A3956D46DE8}") = "AuthService", "AuthService", "{523DC4FF-5BB1-4303-BD15-10D4A4A8A400}"
EndProject
Project("{FAE04EC0-301F-11D3-BF4B-00C04F79EFBC}") = "AuthService.Domain", "services\AuthService\AuthService.Domain\AuthService.Domain.csproj", "{530A6BEA-DBD5-47D5-AB5C-DE33940946F7}"
EndProject
Project("{FAE04EC0-301F-11D3-BF4B-00C04F79EFBC}") = "AuthService.Application", "services\AuthService\AuthService.Application\AuthService.Application.csproj", "{D0674597-60F5-44D8-B776-F6A18E3B814C}"
EndProject
Project("{FAE04EC0-301F-11D3-BF4B-00C04F79EFBC}") = "AuthService.Infrastructure", "services\AuthService\AuthService.Infrastructure\AuthService.Infrastructure.csproj", "{07DFBC61-25A4-4532-B956-1895F2B00D3B}"
EndProject
Project("{FAE04EC0-301F-11D3-BF4B-00C04F79EFBC}") = "AuthService.Api", "services\AuthService\AuthService.Api\AuthService.Api.csproj", "{F587BBE0-E81F-4147-9EFF-A20B9E797A2C}"
EndProject
Project("{2150E333-8FDC-42A3-9474-1A3956D46DE8}") = "GroupsService", "GroupsService", "{BE3C93AB-9EFF-42FF-AFBD-C8C07780CAFC}"
EndProject
Project("{FAE04EC0-301F-11D3-BF4B-00C04F79EFBC}") = "GroupsService.Domain", "services\GroupsService\GroupsService.Domain\GroupsService.Domain.csproj", "{B6E487D0-A9D9-4F68-BDF4-EA16749BE5FB}"
EndProject
Project("{FAE04EC0-301F-11D3-BF4B-00C04F79EFBC}") = "GroupsService.Application", "services\GroupsService\GroupsService.Application\GroupsService.Application.csproj", "{933B99C3-142E-4AEB-9762-746CB348B921}"
EndProject
Project("{FAE04EC0-301F-11D3-BF4B-00C04F79EFBC}") = "GroupsService.Infrastructure", "services\GroupsService\GroupsService.Infrastructure\GroupsService.Infrastructure.csproj", "{1C2797F1-9091-4378-8961-619D85534813}"
EndProject
Project("{FAE04EC0-301F-11D3-BF4B-00C04F79EFBC}") = "GroupsService.Api", "services\GroupsService\GroupsService.Api\GroupsService.Api.csproj", "{8AABA1B6-739D-4E70-A8CC-D560952CA549}"
EndProject
Project("{2150E333-8FDC-42A3-9474-1A3956D46DE8}") = "ChatService", "ChatService", "{A3910162-4E9E-4332-AB88-0072A53D619A}"
EndProject
Project("{FAE04EC0-301F-11D3-BF4B-00C04F79EFBC}") = "ChatService.Domain", "services\ChatService\ChatService.Domain\ChatService.Domain.csproj", "{0A4C5BCC-25A6-4864-9A1A-69ADE1F5FB53}"
EndProject
Project("{FAE04EC0-301F-11D3-BF4B-00C04F79EFBC}") = "ChatService.Application", "services\ChatService\ChatService.Application\ChatService.Application.csproj", "{AAFFE001-3F12-47F5-9A40-637355A64D86}"
EndProject
Project("{FAE04EC0-301F-11D3-BF4B-00C04F79EFBC}") = "ChatService.Infrastructure", "services\ChatService\ChatService.Infrastructure\ChatService.Infrastructure.csproj", "{321CE05B-976D-4EAA-A496-3845EDA7D256}"
EndProject
Project("{FAE04EC0-301F-11D3-BF4B-00C04F79EFBC}") = "ChatService.Api", "services\ChatService\ChatService.Api\ChatService.Api.csproj", "{4F9CE70D-83DD-4752-B67D-A21EF67ADE74}"
EndProject
Project("{2150E333-8FDC-42A3-9474-1A3956D46DE8}") = "AudioService", "AudioService", "{CF787010-5A94-4692-8918-F49AFA3439AF}"
EndProject
Project("{FAE04EC0-301F-11D3-BF4B-00C04F79EFBC}") = "AudioService.Domain", "services\AudioService\AudioService.Domain\AudioService.Domain.csproj", "{62BE03FC-8F6D-4782-B044-6CD2B21A195B}"
EndProject
Project("{FAE04EC0-301F-11D3-BF4B-00C04F79EFBC}") = "AudioService.Application", "services\AudioService\AudioService.Application\AudioService.Application.csproj", "{5C347346-B3F4-4FB3-8189-222FF7C7A6B4}"
EndProject
Project("{FAE04EC0-301F-11D3-BF4B-00C04F79EFBC}") = "AudioService.Infrastructure", "services\AudioService\AudioService.Infrastructure\AudioService.Infrastructure.csproj", "{CB9FDA92-5CB5-46B9-8330-779F99D9C6E4}"
EndProject
Project("{FAE04EC0-301F-11D3-BF4B-00C04F79EFBC}") = "AudioService.Api", "services\AudioService\AudioService.Api\AudioService.Api.csproj", "{7D5AF2B9-E6B0-47B2-BD8B-1623D519C1A6}"
EndProject
Global
	GlobalSection(SolutionConfigurationPlatforms) = preSolution
		Debug|Any CPU = Debug|Any CPU
		Release|Any CPU = Release|Any CPU
	EndGlobalSection
	GlobalSection(SolutionProperties) = preSolution
		HideSolutionNode = FALSE
	EndGlobalSection
	GlobalSection(ProjectConfigurationPlatforms) = postSolution
		{530A6BEA-DBD5-47D5-AB5C-DE33940946F7}.Debug|Any CPU.ActiveCfg = Debug|Any CPU
		{530A6BEA-DBD5-47D5-AB5C-DE33940946F7}.Debug|Any CPU.Build.0 = Debug|Any CPU
		{530A6BEA-DBD5-47D5-AB5C-DE33940946F7}.Release|Any CPU.ActiveCfg = Release|Any CPU
		{530A6BEA-DBD5-47D5-AB5C-DE33940946F7}.Release|Any CPU.Build.0 = Release|Any CPU
		{D0674597-60F5-44D8-B776-F6A18E3B814C}.Debug|Any CPU.ActiveCfg = Debug|Any CPU
		{D0674597-60F5-44D8-B776-F6A18E3B814C}.Debug|Any CPU.Build.0 = Debug|Any CPU
		{D0674597-60F5-44D8-B776-F6A18E3B814C}.Release|Any CPU.ActiveCfg = Release|Any CPU
		{D0674597-60F5-44D8-B776-F6A18E3B814C}.Release|Any CPU.Build.0 = Release|Any CPU
		{07DFBC61-25A4-4532-B956-1895F2B00D3B}.Debug|Any CPU.ActiveCfg = Debug|Any CPU
		{07DFBC61-25A4-4532-B956-1895F2B00D3B}.Debug|Any CPU.Build.0 = Debug|Any CPU
		{07DFBC61-25A4-4532-B956-1895F2B00D3B}.Release|Any CPU.ActiveCfg = Release|Any CPU
		{07DFBC61-25A4-4532-B956-1895F2B00D3B}.Release|Any CPU.Build.0 = Release|Any CPU
		{F587BBE0-E81F-4147-9EFF-A20B9E797A2C}.Debug|Any CPU.ActiveCfg = Debug|Any CPU
		{F587BBE0-E81F-4147-9EFF-A20B9E797A2C}.Debug|Any CPU.Build.0 = Debug|Any CPU
		{F587BBE0-E81F-4147-9EFF-A20B9E797A2C}.Release|Any CPU.ActiveCfg = Release|Any CPU
		{F587BBE0-E81F-4147-9EFF-A20B9E797A2C}.Release|Any CPU.Build.0 = Release|Any CPU
		{B6E487D0-A9D9-4F68-BDF4-EA16749BE5FB}.Debug|Any CPU.ActiveCfg = Debug|Any CPU
		{B6E487D0-A9D9-4F68-BDF4-EA16749BE5FB}.Debug|Any CPU.Build.0 = Debug|Any CPU
		{B6E487D0-A9D9-4F68-BDF4-EA16749BE5FB}.Release|Any CPU.ActiveCfg = Release|Any CPU
		{B6E487D0-A9D9-4F68-BDF4-EA16749BE5FB}.Release|Any CPU.Build.0 = Release|Any CPU
		{933B99C3-142E-4AEB-9762-746CB348B921}.Debug|Any CPU.ActiveCfg = Debug|Any CPU
		{933B99C3-142E-4AEB-9762-746CB348B921}.Debug|Any CPU.Build.0 = Debug|Any CPU
		{933B99C3-142E-4AEB-9762-746CB348B921}.Release|Any CPU.ActiveCfg = Release|Any CPU
		{933B99C3-142E-4AEB-9762-746CB348B921}.Release|Any CPU.Build.0 = Release|Any CPU
		{1C2797F1-9091-4378-8961-619D85534813}.Debug|Any CPU.ActiveCfg = Debug|Any CPU
		{1C2797F1-9091-4378-8961-619D85534813}.Debug|Any CPU.Build.0 = Debug|Any CPU
		{1C2797F1-9091-4378-8961-619D85534813}.Release|Any CPU.ActiveCfg = Release|Any CPU
		{1C2797F1-9091-4378-8961-619D85534813}.Release|Any CPU.Build.0 = Release|Any CPU
		{8AABA1B6-739D-4E70-A8CC-D560952CA549}.Debug|Any CPU.ActiveCfg = Debug|Any CPU
		{8AABA1B6-739D-4E70-A8CC-D560952CA549}.Debug|Any CPU.Build.0 = Debug|Any CPU
		{8AABA1B6-739D-4E70-A8CC-D560952CA549}.Release|Any CPU.ActiveCfg = Release|Any CPU
		{8AABA1B6-739D-4E70-A8CC-D560952CA549}.Release|Any CPU.Build.0 = Release|Any CPU
		{0A4C5BCC-25A6-4864-9A1A-69ADE1F5FB53}.Debug|Any CPU.ActiveCfg = Debug|Any CPU
		{0A4C5BCC-25A6-4864-9A1A-69ADE1F5FB53}.Debug|Any CPU.Build.0 = Debug|Any CPU
		{0A4C5BCC-25A6-4864-9A1A-69ADE1F5FB53}.Release|Any CPU.ActiveCfg = Release|Any CPU
		{0A4C5BCC-25A6-4864-9A1A-69ADE1F5FB53}.Release|Any CPU.Build.0 = Release|Any CPU
		{AAFFE001-3F12-47F5-9A40-637355A64D86}.Debug|Any CPU.ActiveCfg = Debug|Any CPU
		{AAFFE001-3F12-47F5-9A40-637355A64D86}.Debug|Any CPU.Build.0 = Debug|Any CPU
		{AAFFE001-3F12-47F5-9A40-637355A64D86}.Release|Any CPU.ActiveCfg = Release|Any CPU
		{AAFFE001-3F12-47F5-9A40-637355A64D86}.Release|Any CPU.Build.0 = Release|Any CPU
		{321CE05B-976D-4EAA-A496-3845EDA7D256}.Debug|Any CPU.ActiveCfg = Debug|Any CPU
		{321CE05B-976D-4EAA-A496-3845EDA7D256}.Debug|Any CPU.Build.0 = Debug|Any CPU
		{321CE05B-976D-4EAA-A496-3845EDA7D256}.Release|Any CPU.ActiveCfg = Release|Any CPU
		{321CE05B-976D-4EAA-A496-3845EDA7D256}.Release|Any CPU.Build.0 = Release|Any CPU
		{4F9CE70D-83DD-4752-B67D-A21EF67ADE74}.Debug|Any CPU.ActiveCfg = Debug|Any CPU
		{4F9CE70D-83DD-4752-B67D-A21EF67ADE74}.Debug|Any CPU.Build.0 = Debug|Any CPU
		{4F9CE70D-83DD-4752-B67D-A21EF67ADE74}.Release|Any CPU.ActiveCfg = Release|Any CPU
		{4F9CE70D-83DD-4752-B67D-A21EF67ADE74}.Release|Any CPU.Build.0 = Release|Any CPU
		{62BE03FC-8F6D-4782-B044-6CD2B21A195B}.Debug|Any CPU.ActiveCfg = Debug|Any CPU
		{62BE03FC-8F6D-4782-B044-6CD2B21A195B}.Debug|Any CPU.Build.0 = Debug|Any CPU
		{62BE03FC-8F6D-4782-B044-6CD2B21A195B}.Release|Any CPU.ActiveCfg = Release|Any CPU
		{62BE03FC-8F6D-4782-B044-6CD2B21A195B}.Release|Any CPU.Build.0 = Release|Any CPU
		{5C347346-B3F4-4FB3-8189-222FF7C7A6B4}.Debug|Any CPU.ActiveCfg = Debug|Any CPU
		{5C347346-B3F4-4FB3-8189-222FF7C7A6B4}.Debug|Any CPU.Build.0 = Debug|Any CPU
		{5C347346-B3F4-4FB3-8189-222FF7C7A6B4}.Release|Any CPU.ActiveCfg = Release|Any CPU
		{5C347346-B3F4-4FB3-8189-222FF7C7A6B4}.Release|Any CPU.Build.0 = Release|Any CPU
		{CB9FDA92-5CB5-46B9-8330-779F99D9C6E4}.Debug|Any CPU.ActiveCfg = Debug|Any CPU
		{CB9FDA92-5CB5-46B9-8330-779F99D9C6E4}.Debug|Any CPU.Build.0 = Debug|Any CPU
		{CB9FDA92-5CB5-46B9-8330-779F99D9C6E4}.Release|Any CPU.ActiveCfg = Release|Any CPU
		{CB9FDA92-5CB5-46B9-8330-779F99D9C6E4}.Release|Any CPU.Build.0 = Release|Any CPU
		{7D5AF2B9-E6B0-47B2-BD8B-1623D519C1A6}.Debug|Any CPU.ActiveCfg = Debug|Any CPU
		{7D5AF2B9-E6B0-47B2-BD8B-1623D519C1A6}.Debug|Any CPU.Build.0 = Debug|Any CPU
		{7D5AF2B9-E6B0-47B2-BD8B-1623D519C1A6}.Release|Any CPU.ActiveCfg = Release|Any CPU
		{7D5AF2B9-E6B0-47B2-BD8B-1623D519C1A6}.Release|Any CPU.Build.0 = Release|Any CPU
	EndGlobalSection
	GlobalSection(NestedProjects) = preSolution
		{523DC4FF-5BB1-4303-BD15-10D4A4A8A400} = {CC09AF14-D52A-4F27-8D71-A4F8388E9BE7}
		{530A6BEA-DBD5-47D5-AB5C-DE33940946F7} = {523DC4FF-5BB1-4303-BD15-10D4A4A8A400}
		{D0674597-60F5-44D8-B776-F6A18E3B814C} = {523DC4FF-5BB1-4303-BD15-10D4A4A8A400}
		{07DFBC61-25A4-4532-B956-1895F2B00D3B} = {523DC4FF-5BB1-4303-BD15-10D4A4A8A400}
		{F587BBE0-E81F-4147-9EFF-A20B9E797A2C} = {523DC4FF-5BB1-4303-BD15-10D4A4A8A400}
		{BE3C93AB-9EFF-42FF-AFBD-C8C07780CAFC} = {CC09AF14-D52A-4F27-8D71-A4F8388E9BE7}
		{B6E487D0-A9D9-4F68-BDF4-EA16749BE5FB} = {BE3C93AB-9EFF-42FF-AFBD-C8C07780CAFC}
		{933B99C3-142E-4AEB-9762-746CB348B921} = {BE3C93AB-9EFF-42FF-AFBD-C8C07780CAFC}
		{1C2797F1-9091-4378-8961-619D85534813} = {BE3C93AB-9EFF-42FF-AFBD-C8C07780CAFC}
		{8AABA1B6-739D-4E70-A8CC-D560952CA549} = {BE3C93AB-9EFF-42FF-AFBD-C8C07780CAFC}
		{A3910162-4E9E-4332-AB88-0072A53D619A} = {CC09AF14-D52A-4F27-8D71-A4F8388E9BE7}
		{0A4C5BCC-25A6-4864-9A1A-69ADE1F5FB53} = {A3910162-4E9E-4332-AB88-0072A53D619A}
		{AAFFE001-3F12-47F5-9A40-637355A64D86} = {A3910162-4E9E-4332-AB88-0072A53D619A}
		{321CE05B-976D-4EAA-A496-3845EDA7D256} = {A3910162-4E9E-4332-AB88-0072A53D619A}
		{4F9CE70D-83DD-4752-B67D-A21EF67ADE74} = {A3910162-4E9E-4332-AB88-0072A53D619A}
		{CF787010-5A94-4692-8918-F49AFA3439AF} = {CC09AF14-D52A-4F27-8D71-A4F8388E9BE7}
		{62BE03FC-8F6D-4782-B044-6CD2B21A195B} = {CF787010-5A94-4692-8918-F49AFA3439AF}
		{5C347346-B3F4-4FB3-8189-222FF7C7A6B4} = {CF787010-5A94-4692-8918-F49AFA3439AF}
		{CB9FDA92-5CB5-46B9-8330-779F99D9C6E4} = {CF787010-5A94-4692-8918-F49AFA3439AF}
		{7D5AF2B9-E6B0-47B2-BD8B-1623D519C1A6} = {CF787010-5A94-4692-8918-F49AFA3439AF}
	EndGlobalSection
EndGlobal
